
Microsoft Visual Studio Solution File, Format Version 12.00
# Visual Studio Version 17
VisualStudioVersion = 17.9.34714.143
MinimumVisualStudioVersion = 10.0.40219.1
Project("{9A19103F-16F7-4668-BE54-9A1E7A4F7556}") = "WgCfgHelp.CLI", "WgCfgHelp.CLI\WgCfgHelp.CLI.csproj", "{A67A9035-BFC5-4264-8B60-EE66EEB3D320}"
EndProject
Project("{9A19103F-16F7-4668-BE54-9A1E7A4F7556}") = "WgCfgHelp.Lib", "WgCfgHelp.Lib\WgCfgHelp.Lib.csproj", "{78D4F4E8-7F2C-4F47-9111-5A510B80A994}"
EndProject
Project("{FAE04EC0-301F-11D3-BF4B-00C04F79EFBC}") = "WgCfgHelp.DevConsole", "WgCfgHelp.DevConsole\WgCfgHelp.DevConsole.csproj", "{C72ADDEA-17F3-4D87-8FE6-BB22A76C8716}"
EndProject
Global
	GlobalSection(SolutionConfigurationPlatforms) = preSolution
		Debug|Any CPU = Debug|Any CPU
		Release|Any CPU = Release|Any CPU
	EndGlobalSection
	GlobalSection(ProjectConfigurationPlatforms) = postSolution
		{A67A9035-BFC5-4264-8B60-EE66EEB3D320}.Debug|Any CPU.ActiveCfg = Debug|Any CPU
		{A67A9035-BFC5-4264-8B60-EE66EEB3D320}.Debug|Any CPU.Build.0 = Debug|Any CPU
		{A67A9035-BFC5-4264-8B60-EE66EEB3D320}.Release|Any CPU.ActiveCfg = Release|Any CPU
		{A67A9035-BFC5-4264-8B60-EE66EEB3D320}.Release|Any CPU.Build.0 = Release|Any CPU
		{78D4F4E8-7F2C-4F47-9111-5A510B80A994}.Debug|Any CPU.ActiveCfg = Debug|Any CPU
		{78D4F4E8-7F2C-4F47-9111-5A510B80A994}.Debug|Any CPU.Build.0 = Debug|Any CPU
		{78D4F4E8-7F2C-4F47-9111-5A510B80A994}.Release|Any CPU.ActiveCfg = Release|Any CPU
		{78D4F4E8-7F2C-4F47-9111-5A510B80A994}.Release|Any CPU.Build.0 = Release|Any CPU
		{C72ADDEA-17F3-4D87-8FE6-BB22A76C8716}.Debug|Any CPU.ActiveCfg = Debug|Any CPU
		{C72ADDEA-17F3-4D87-8FE6-BB22A76C8716}.Debug|Any CPU.Build.0 = Debug|Any CPU
		{C72ADDEA-17F3-4D87-8FE6-BB22A76C8716}.Release|Any CPU.ActiveCfg = Release|Any CPU
		{C72ADDEA-17F3-4D87-8FE6-BB22A76C8716}.Release|Any CPU.Build.0 = Release|Any CPU
	EndGlobalSection
	GlobalSection(SolutionProperties) = preSolution
		HideSolutionNode = FALSE
	EndGlobalSection
	GlobalSection(ExtensibilityGlobals) = postSolution
		SolutionGuid = {785F914B-C5E2-48A1-859A-294B04AD980E}
	EndGlobalSection
EndGlobal
